// !$*UTF8*$!
{
	archiveVersion = 1;
	classes = {
	};
	objectVersion = 56;
	objects = {

/* Begin PBXBuildFile section */
		34BEF7DA29697BAF0069FDBF /* PokemonCell.swift in Sources */ = {isa = PBXBuildFile; fileRef = 34BEF7D929697BAF0069FDBF /* PokemonCell.swift */; };
		34BEF7DD29697D230069FDBF /* CustomImageView.swift in Sources */ = {isa = PBXBuildFile; fileRef = 34BEF7DC29697D230069FDBF /* CustomImageView.swift */; };
		34BEF7DF2969820A0069FDBF /* PokemonEntity.swift in Sources */ = {isa = PBXBuildFile; fileRef = 34BEF7DE2969820A0069FDBF /* PokemonEntity.swift */; };
		34BEF7F82969E3650069FDBF /* DetailPresenter.swift in Sources */ = {isa = PBXBuildFile; fileRef = 34BEF7F12969E3650069FDBF /* DetailPresenter.swift */; };
		34BEF7FA2969E3650069FDBF /* DetailProtocols.swift in Sources */ = {isa = PBXBuildFile; fileRef = 34BEF7F32969E3650069FDBF /* DetailProtocols.swift */; };
		34BEF7FB2969E3650069FDBF /* DetailInteractor.swift in Sources */ = {isa = PBXBuildFile; fileRef = 34BEF7F42969E3650069FDBF /* DetailInteractor.swift */; };
		34BEF7FC2969E3650069FDBF /* DetailView.swift in Sources */ = {isa = PBXBuildFile; fileRef = 34BEF7F52969E3650069FDBF /* DetailView.swift */; };
		34BEF7FE2969E3650069FDBF /* DetailWireFrame.swift in Sources */ = {isa = PBXBuildFile; fileRef = 34BEF7F72969E3650069FDBF /* DetailWireFrame.swift */; };
		34D7DBD02964A56900C0533C /* AppDelegate.swift in Sources */ = {isa = PBXBuildFile; fileRef = 34D7DBCF2964A56900C0533C /* AppDelegate.swift */; };
		34D7DBD22964A56900C0533C /* SceneDelegate.swift in Sources */ = {isa = PBXBuildFile; fileRef = 34D7DBD12964A56900C0533C /* SceneDelegate.swift */; };
		34D7DBD92964A56D00C0533C /* Assets.xcassets in Resources */ = {isa = PBXBuildFile; fileRef = 34D7DBD82964A56D00C0533C /* Assets.xcassets */; };
		34D7DBDC2964A56D00C0533C /* LaunchScreen.storyboard in Resources */ = {isa = PBXBuildFile; fileRef = 34D7DBDA2964A56D00C0533C /* LaunchScreen.storyboard */; };
		34D7DBEA2964A6D100C0533C /* HomePresenter.swift in Sources */ = {isa = PBXBuildFile; fileRef = 34D7DBE32964A6D100C0533C /* HomePresenter.swift */; };
		34D7DBEC2964A6D100C0533C /* HomeProtocols.swift in Sources */ = {isa = PBXBuildFile; fileRef = 34D7DBE52964A6D100C0533C /* HomeProtocols.swift */; };
		34D7DBED2964A6D100C0533C /* HomeInteractor.swift in Sources */ = {isa = PBXBuildFile; fileRef = 34D7DBE62964A6D100C0533C /* HomeInteractor.swift */; };
		34D7DBEE2964A6D100C0533C /* HomeView.swift in Sources */ = {isa = PBXBuildFile; fileRef = 34D7DBE72964A6D100C0533C /* HomeView.swift */; };
		34D7DBEF2964A6D100C0533C /* HomeRemoteDataManager.swift in Sources */ = {isa = PBXBuildFile; fileRef = 34D7DBE82964A6D100C0533C /* HomeRemoteDataManager.swift */; };
		34D7DBF02964A6D100C0533C /* HomeWireFrame.swift in Sources */ = {isa = PBXBuildFile; fileRef = 34D7DBE92964A6D100C0533C /* HomeWireFrame.swift */; };
/* End PBXBuildFile section */

/* Begin PBXFileReference section */
		34BEF7D929697BAF0069FDBF /* PokemonCell.swift */ = {isa = PBXFileReference; lastKnownFileType = sourcecode.swift; path = PokemonCell.swift; sourceTree = "<group>"; };
		34BEF7DC29697D230069FDBF /* CustomImageView.swift */ = {isa = PBXFileReference; lastKnownFileType = sourcecode.swift; path = CustomImageView.swift; sourceTree = "<group>"; };
		34BEF7DE2969820A0069FDBF /* PokemonEntity.swift */ = {isa = PBXFileReference; lastKnownFileType = sourcecode.swift; path = PokemonEntity.swift; sourceTree = "<group>"; };
		34BEF7F12969E3650069FDBF /* DetailPresenter.swift */ = {isa = PBXFileReference; lastKnownFileType = sourcecode.swift; path = DetailPresenter.swift; sourceTree = "<group>"; };
		34BEF7F32969E3650069FDBF /* DetailProtocols.swift */ = {isa = PBXFileReference; lastKnownFileType = sourcecode.swift; path = DetailProtocols.swift; sourceTree = "<group>"; };
		34BEF7F42969E3650069FDBF /* DetailInteractor.swift */ = {isa = PBXFileReference; lastKnownFileType = sourcecode.swift; path = DetailInteractor.swift; sourceTree = "<group>"; };
		34BEF7F52969E3650069FDBF /* DetailView.swift */ = {isa = PBXFileReference; lastKnownFileType = sourcecode.swift; path = DetailView.swift; sourceTree = "<group>"; };
		34BEF7F72969E3650069FDBF /* DetailWireFrame.swift */ = {isa = PBXFileReference; lastKnownFileType = sourcecode.swift; path = DetailWireFrame.swift; sourceTree = "<group>"; };
		34D7DBCC2964A56900C0533C /* Pokedex_Viper.app */ = {isa = PBXFileReference; explicitFileType = wrapper.application; includeInIndex = 0; path = Pokedex_Viper.app; sourceTree = BUILT_PRODUCTS_DIR; };
		34D7DBCF2964A56900C0533C /* AppDelegate.swift */ = {isa = PBXFileReference; lastKnownFileType = sourcecode.swift; path = AppDelegate.swift; sourceTree = "<group>"; };
		34D7DBD12964A56900C0533C /* SceneDelegate.swift */ = {isa = PBXFileReference; lastKnownFileType = sourcecode.swift; path = SceneDelegate.swift; sourceTree = "<group>"; };
		34D7DBD82964A56D00C0533C /* Assets.xcassets */ = {isa = PBXFileReference; lastKnownFileType = folder.assetcatalog; path = Assets.xcassets; sourceTree = "<group>"; };
		34D7DBDB2964A56D00C0533C /* Base */ = {isa = PBXFileReference; lastKnownFileType = file.storyboard; name = Base; path = Base.lproj/LaunchScreen.storyboard; sourceTree = "<group>"; };
		34D7DBDD2964A56D00C0533C /* Info.plist */ = {isa = PBXFileReference; lastKnownFileType = text.plist.xml; path = Info.plist; sourceTree = "<group>"; };
		34D7DBE32964A6D100C0533C /* HomePresenter.swift */ = {isa = PBXFileReference; lastKnownFileType = sourcecode.swift; path = HomePresenter.swift; sourceTree = "<group>"; };
		34D7DBE52964A6D100C0533C /* HomeProtocols.swift */ = {isa = PBXFileReference; lastKnownFileType = sourcecode.swift; path = HomeProtocols.swift; sourceTree = "<group>"; };
		34D7DBE62964A6D100C0533C /* HomeInteractor.swift */ = {isa = PBXFileReference; lastKnownFileType = sourcecode.swift; path = HomeInteractor.swift; sourceTree = "<group>"; };
		34D7DBE72964A6D100C0533C /* HomeView.swift */ = {isa = PBXFileReference; lastKnownFileType = sourcecode.swift; path = HomeView.swift; sourceTree = "<group>"; };
		34D7DBE82964A6D100C0533C /* HomeRemoteDataManager.swift */ = {isa = PBXFileReference; lastKnownFileType = sourcecode.swift; path = HomeRemoteDataManager.swift; sourceTree = "<group>"; };
		34D7DBE92964A6D100C0533C /* HomeWireFrame.swift */ = {isa = PBXFileReference; lastKnownFileType = sourcecode.swift; path = HomeWireFrame.swift; sourceTree = "<group>"; };
/* End PBXFileReference section */

/* Begin PBXFrameworksBuildPhase section */
		34D7DBC92964A56900C0533C /* Frameworks */ = {
			isa = PBXFrameworksBuildPhase;
			buildActionMask = 2147483647;
			files = (
			);
			runOnlyForDeploymentPostprocessing = 0;
		};
/* End PBXFrameworksBuildPhase section */

/* Begin PBXGroup section */
		34BEF7DB29697BB70069FDBF /* CellResources */ = {
			isa = PBXGroup;
			children = (
				34BEF7D929697BAF0069FDBF /* PokemonCell.swift */,
				34BEF7DC29697D230069FDBF /* CustomImageView.swift */,
			);
			path = CellResources;
			sourceTree = "<group>";
		};
		34BEF7F02969E3060069FDBF /* PokemonDetailView */ = {
			isa = PBXGroup;
			children = (
				34BEF7F52969E3650069FDBF /* DetailView.swift */,
				34BEF7F42969E3650069FDBF /* DetailInteractor.swift */,
				34BEF7F12969E3650069FDBF /* DetailPresenter.swift */,
				34BEF7F32969E3650069FDBF /* DetailProtocols.swift */,
				34BEF7F72969E3650069FDBF /* DetailWireFrame.swift */,
			);
			path = PokemonDetailView;
			sourceTree = "<group>";
		};
		34D7DBC32964A56900C0533C = {
			isa = PBXGroup;
			children = (
				34D7DBCE2964A56900C0533C /* Pokedex_Viper */,
				34D7DBCD2964A56900C0533C /* Products */,
			);
			sourceTree = "<group>";
		};
		34D7DBCD2964A56900C0533C /* Products */ = {
			isa = PBXGroup;
			children = (
				34D7DBCC2964A56900C0533C /* Pokedex_Viper.app */,
			);
			name = Products;
			sourceTree = "<group>";
		};
		34D7DBCE2964A56900C0533C /* Pokedex_Viper */ = {
			isa = PBXGroup;
			children = (
				34D7DBCF2964A56900C0533C /* AppDelegate.swift */,
				34D7DBD12964A56900C0533C /* SceneDelegate.swift */,
				34D7DBF12964A6D900C0533C /* HomeView */,
				34BEF7F02969E3060069FDBF /* PokemonDetailView */,
				34D7DBD82964A56D00C0533C /* Assets.xcassets */,
				34D7DBDA2964A56D00C0533C /* LaunchScreen.storyboard */,
				34D7DBDD2964A56D00C0533C /* Info.plist */,
				34BEF7DB29697BB70069FDBF /* CellResources */,
			);
			path = Pokedex_Viper;
			sourceTree = "<group>";
		};
		34D7DBF12964A6D900C0533C /* HomeView */ = {
			isa = PBXGroup;
			children = (
				34D7DBE72964A6D100C0533C /* HomeView.swift */,
				34D7DBE62964A6D100C0533C /* HomeInteractor.swift */,
				34D7DBE32964A6D100C0533C /* HomePresenter.swift */,
				34BEF7DE2969820A0069FDBF /* PokemonEntity.swift */,
				34D7DBE52964A6D100C0533C /* HomeProtocols.swift */,
				34D7DBE82964A6D100C0533C /* HomeRemoteDataManager.swift */,
				34D7DBE92964A6D100C0533C /* HomeWireFrame.swift */,
			);
			path = HomeView;
			sourceTree = "<group>";
		};
/* End PBXGroup section */

/* Begin PBXNativeTarget section */
		34D7DBCB2964A56900C0533C /* Pokedex_Viper */ = {
			isa = PBXNativeTarget;
			buildConfigurationList = 34D7DBE02964A56D00C0533C /* Build configuration list for PBXNativeTarget "Pokedex_Viper" */;
			buildPhases = (
				34D7DBC82964A56900C0533C /* Sources */,
				34D7DBC92964A56900C0533C /* Frameworks */,
				34D7DBCA2964A56900C0533C /* Resources */,
			);
			buildRules = (
			);
			dependencies = (
			);
			name = Pokedex_Viper;
			productName = Pokedex_Viper;
			productReference = 34D7DBCC2964A56900C0533C /* Pokedex_Viper.app */;
			productType = "com.apple.product-type.application";
		};
/* End PBXNativeTarget section */

/* Begin PBXProject section */
		34D7DBC42964A56900C0533C /* Project object */ = {
			isa = PBXProject;
			attributes = {
				BuildIndependentTargetsInParallel = 1;
				LastSwiftUpdateCheck = 1410;
				LastUpgradeCheck = 1410;
				TargetAttributes = {
					34D7DBCB2964A56900C0533C = {
						CreatedOnToolsVersion = 14.1;
					};
				};
			};
			buildConfigurationList = 34D7DBC72964A56900C0533C /* Build configuration list for PBXProject "Pokedex_Viper" */;
			compatibilityVersion = "Xcode 14.0";
			developmentRegion = en;
			hasScannedForEncodings = 0;
			knownRegions = (
				en,
				Base,
			);
			mainGroup = 34D7DBC32964A56900C0533C;
			productRefGroup = 34D7DBCD2964A56900C0533C /* Products */;
			projectDirPath = "";
			projectRoot = "";
			targets = (
				34D7DBCB2964A56900C0533C /* Pokedex_Viper */,
			);
		};
/* End PBXProject section */

/* Begin PBXResourcesBuildPhase section */
		34D7DBCA2964A56900C0533C /* Resources */ = {
			isa = PBXResourcesBuildPhase;
			buildActionMask = 2147483647;
			files = (
				34D7DBDC2964A56D00C0533C /* LaunchScreen.storyboard in Resources */,
				34D7DBD92964A56D00C0533C /* Assets.xcassets in Resources */,
			);
			runOnlyForDeploymentPostprocessing = 0;
		};
/* End PBXResourcesBuildPhase section */

/* Begin PBXSourcesBuildPhase section */
		34D7DBC82964A56900C0533C /* Sources */ = {
			isa = PBXSourcesBuildPhase;
			buildActionMask = 2147483647;
			files = (
				34D7DBD02964A56900C0533C /* AppDelegate.swift in Sources */,
				34BEF7FE2969E3650069FDBF /* DetailWireFrame.swift in Sources */,
				34BEF7FC2969E3650069FDBF /* DetailView.swift in Sources */,
				34D7DBD22964A56900C0533C /* SceneDelegate.swift in Sources */,
				34D7DBEC2964A6D100C0533C /* HomeProtocols.swift in Sources */,
				34D7DBEE2964A6D100C0533C /* HomeView.swift in Sources */,
				34BEF7DA29697BAF0069FDBF /* PokemonCell.swift in Sources */,
				34D7DBEF2964A6D100C0533C /* HomeRemoteDataManager.swift in Sources */,
				34BEF7DD29697D230069FDBF /* CustomImageView.swift in Sources */,
				34BEF7DF2969820A0069FDBF /* PokemonEntity.swift in Sources */,
				34D7DBEA2964A6D100C0533C /* HomePresenter.swift in Sources */,
				34BEF7F82969E3650069FDBF /* DetailPresenter.swift in Sources */,
				34D7DBED2964A6D100C0533C /* HomeInteractor.swift in Sources */,
				34BEF7FA2969E3650069FDBF /* DetailProtocols.swift in Sources */,
				34D7DBF02964A6D100C0533C /* HomeWireFrame.swift in Sources */,
				34BEF7FB2969E3650069FDBF /* DetailInteractor.swift in Sources */,
			);
			runOnlyForDeploymentPostprocessing = 0;
		};
/* End PBXSourcesBuildPhase section */

/* Begin PBXVariantGroup section */
		34D7DBDA2964A56D00C0533C /* LaunchScreen.storyboard */ = {
			isa = PBXVariantGroup;
			children = (
				34D7DBDB2964A56D00C0533C /* Base */,
			);
			name = LaunchScreen.storyboard;
			sourceTree = "<group>";
		};
/* End PBXVariantGroup section */

/* Begin XCBuildConfiguration section */
		34D7DBDE2964A56D00C0533C /* Debug */ = {
			isa = XCBuildConfiguration;
			buildSettings = {
				ALWAYS_SEARCH_USER_PATHS = NO;
				CLANG_ANALYZER_NONNULL = YES;
				CLANG_ANALYZER_NUMBER_OBJECT_CONVERSION = YES_AGGRESSIVE;
				CLANG_CXX_LANGUAGE_STANDARD = "gnu++20";
				CLANG_ENABLE_MODULES = YES;
				CLANG_ENABLE_OBJC_ARC = YES;
				CLANG_ENABLE_OBJC_WEAK = YES;
				CLANG_WARN_BLOCK_CAPTURE_AUTORELEASING = YES;
				CLANG_WARN_BOOL_CONVERSION = YES;
				CLANG_WARN_COMMA = YES;
				CLANG_WARN_CONSTANT_CONVERSION = YES;
				CLANG_WARN_DEPRECATED_OBJC_IMPLEMENTATIONS = YES;
				CLANG_WARN_DIRECT_OBJC_ISA_USAGE = YES_ERROR;
				CLANG_WARN_DOCUMENTATION_COMMENTS = YES;
				CLANG_WARN_EMPTY_BODY = YES;
				CLANG_WARN_ENUM_CONVERSION = YES;
				CLANG_WARN_INFINITE_RECURSION = YES;
				CLANG_WARN_INT_CONVERSION = YES;
				CLANG_WARN_NON_LITERAL_NULL_CONVERSION = YES;
				CLANG_WARN_OBJC_IMPLICIT_RETAIN_SELF = YES;
				CLANG_WARN_OBJC_LITERAL_CONVERSION = YES;
				CLANG_WARN_OBJC_ROOT_CLASS = YES_ERROR;
				CLANG_WARN_QUOTED_INCLUDE_IN_FRAMEWORK_HEADER = YES;
				CLANG_WARN_RANGE_LOOP_ANALYSIS = YES;
				CLANG_WARN_STRICT_PROTOTYPES = YES;
				CLANG_WARN_SUSPICIOUS_MOVE = YES;
				CLANG_WARN_UNGUARDED_AVAILABILITY = YES_AGGRESSIVE;
				CLANG_WARN_UNREACHABLE_CODE = YES;
				CLANG_WARN__DUPLICATE_METHOD_MATCH = YES;
				COPY_PHASE_STRIP = NO;
				DEBUG_INFORMATION_FORMAT = dwarf;
				ENABLE_STRICT_OBJC_MSGSEND = YES;
				ENABLE_TESTABILITY = YES;
				GCC_C_LANGUAGE_STANDARD = gnu11;
				GCC_DYNAMIC_NO_PIC = NO;
				GCC_NO_COMMON_BLOCKS = YES;
				GCC_OPTIMIZATION_LEVEL = 0;
				GCC_PREPROCESSOR_DEFINITIONS = (
					"DEBUG=1",
					"$(inherited)",
				);
				GCC_WARN_64_TO_32_BIT_CONVERSION = YES;
				GCC_WARN_ABOUT_RETURN_TYPE = YES_ERROR;
				GCC_WARN_UNDECLARED_SELECTOR = YES;
				GCC_WARN_UNINITIALIZED_AUTOS = YES_AGGRESSIVE;
				GCC_WARN_UNUSED_FUNCTION = YES;
				GCC_WARN_UNUSED_VARIABLE = YES;
				IPHONEOS_DEPLOYMENT_TARGET = 16.1;
				MTL_ENABLE_DEBUG_INFO = INCLUDE_SOURCE;
				MTL_FAST_MATH = YES;
				ONLY_ACTIVE_ARCH = YES;
				SDKROOT = iphoneos;
				SWIFT_ACTIVE_COMPILATION_CONDITIONS = DEBUG;
				SWIFT_OPTIMIZATION_LEVEL = "-Onone";
			};
			name = Debug;
		};
		34D7DBDF2964A56D00C0533C /* Release */ = {
			isa = XCBuildConfiguration;
			buildSettings = {
				ALWAYS_SEARCH_USER_PATHS = NO;
				CLANG_ANALYZER_NONNULL = YES;
				CLANG_ANALYZER_NUMBER_OBJECT_CONVERSION = YES_AGGRESSIVE;
				CLANG_CXX_LANGUAGE_STANDARD = "gnu++20";
				CLANG_ENABLE_MODULES = YES;
				CLANG_ENABLE_OBJC_ARC = YES;
				CLANG_ENABLE_OBJC_WEAK = YES;
				CLANG_WARN_BLOCK_CAPTURE_AUTORELEASING = YES;
				CLANG_WARN_BOOL_CONVERSION = YES;
				CLANG_WARN_COMMA = YES;
				CLANG_WARN_CONSTANT_CONVERSION = YES;
				CLANG_WARN_DEPRECATED_OBJC_IMPLEMENTATIONS = YES;
				CLANG_WARN_DIRECT_OBJC_ISA_USAGE = YES_ERROR;
				CLANG_WARN_DOCUMENTATION_COMMENTS = YES;
				CLANG_WARN_EMPTY_BODY = YES;
				CLANG_WARN_ENUM_CONVERSION = YES;
				CLANG_WARN_INFINITE_RECURSION = YES;
				CLANG_WARN_INT_CONVERSION = YES;
				CLANG_WARN_NON_LITERAL_NULL_CONVERSION = YES;
				CLANG_WARN_OBJC_IMPLICIT_RETAIN_SELF = YES;
				CLANG_WARN_OBJC_LITERAL_CONVERSION = YES;
				CLANG_WARN_OBJC_ROOT_CLASS = YES_ERROR;
				CLANG_WARN_QUOTED_INCLUDE_IN_FRAMEWORK_HEADER = YES;
				CLANG_WARN_RANGE_LOOP_ANALYSIS = YES;
				CLANG_WARN_STRICT_PROTOTYPES = YES;
				CLANG_WARN_SUSPICIOUS_MOVE = YES;
				CLANG_WARN_UNGUARDED_AVAILABILITY = YES_AGGRESSIVE;
				CLANG_WARN_UNREACHABLE_CODE = YES;
				CLANG_WARN__DUPLICATE_METHOD_MATCH = YES;
				COPY_PHASE_STRIP = NO;
				DEBUG_INFORMATION_FORMAT = "dwarf-with-dsym";
				ENABLE_NS_ASSERTIONS = NO;
				ENABLE_STRICT_OBJC_MSGSEND = YES;
				GCC_C_LANGUAGE_STANDARD = gnu11;
				GCC_NO_COMMON_BLOCKS = YES;
				GCC_WARN_64_TO_32_BIT_CONVERSION = YES;
				GCC_WARN_ABOUT_RETURN_TYPE = YES_ERROR;
				GCC_WARN_UNDECLARED_SELECTOR = YES;
				GCC_WARN_UNINITIALIZED_AUTOS = YES_AGGRESSIVE;
				GCC_WARN_UNUSED_FUNCTION = YES;
				GCC_WARN_UNUSED_VARIABLE = YES;
				IPHONEOS_DEPLOYMENT_TARGET = 16.1;
				MTL_ENABLE_DEBUG_INFO = NO;
				MTL_FAST_MATH = YES;
				SDKROOT = iphoneos;
				SWIFT_COMPILATION_MODE = wholemodule;
				SWIFT_OPTIMIZATION_LEVEL = "-O";
				VALIDATE_PRODUCT = YES;
			};
			name = Release;
		};
		34D7DBE12964A56D00C0533C /* Debug */ = {
			isa = XCBuildConfiguration;
			buildSettings = {
				ASSETCATALOG_COMPILER_APPICON_NAME = AppIcon;
				ASSETCATALOG_COMPILER_GLOBAL_ACCENT_COLOR_NAME = AccentColor;
				CODE_SIGN_STYLE = Automatic;
				CURRENT_PROJECT_VERSION = 1;
				GENERATE_INFOPLIST_FILE = YES;
				INFOPLIST_FILE = Pokedex_Viper/Info.plist;
				INFOPLIST_KEY_UIApplicationSupportsIndirectInputEvents = YES;
				INFOPLIST_KEY_UILaunchStoryboardName = LaunchScreen;
				INFOPLIST_KEY_UISupportedInterfaceOrientations_iPad = "UIInterfaceOrientationPortrait UIInterfaceOrientationPortraitUpsideDown UIInterfaceOrientationLandscapeLeft UIInterfaceOrientationLandscapeRight";
				INFOPLIST_KEY_UISupportedInterfaceOrientations_iPhone = "UIInterfaceOrientationPortrait UIInterfaceOrientationLandscapeLeft UIInterfaceOrientationLandscapeRight";
				IPHONEOS_DEPLOYMENT_TARGET = 15.0;
				LD_RUNPATH_SEARCH_PATHS = (
					"$(inherited)",
					"@executable_path/Frameworks",
				);
				MARKETING_VERSION = 1.0;
				PRODUCT_BUNDLE_IDENTIFIER = "com.quarantasis.Pokedex-Viper";
				PRODUCT_NAME = "$(TARGET_NAME)";
				SWIFT_EMIT_LOC_STRINGS = YES;
				SWIFT_VERSION = 5.0;
				TARGETED_DEVICE_FAMILY = "1,2";
			};
			name = Debug;
		};
		34D7DBE22964A56D00C0533C /* Release */ = {
			isa = XCBuildConfiguration;
			buildSettings = {
				ASSETCATALOG_COMPILER_APPICON_NAME = AppIcon;
				ASSETCATALOG_COMPILER_GLOBAL_ACCENT_COLOR_NAME = AccentColor;
				CODE_SIGN_STYLE = Automatic;
				CURRENT_PROJECT_VERSION = 1;
				GENERATE_INFOPLIST_FILE = YES;
				INFOPLIST_FILE = Pokedex_Viper/Info.plist;
				INFOPLIST_KEY_UIApplicationSupportsIndirectInputEvents = YES;
				INFOPLIST_KEY_UILaunchStoryboardName = LaunchScreen;
				INFOPLIST_KEY_UISupportedInterfaceOrientations_iPad = "UIInterfaceOrientationPortrait UIInterfaceOrientationPortraitUpsideDown UIInterfaceOrientationLandscapeLeft UIInterfaceOrientationLandscapeRight";
				INFOPLIST_KEY_UISupportedInterfaceOrientations_iPhone = "UIInterfaceOrientationPortrait UIInterfaceOrientationLandscapeLeft UIInterfaceOrientationLandscapeRight";
				IPHONEOS_DEPLOYMENT_TARGET = 15.0;
				LD_RUNPATH_SEARCH_PATHS = (
					"$(inherited)",
					"@executable_path/Frameworks",
				);
				MARKETING_VERSION = 1.0;
				PRODUCT_BUNDLE_IDENTIFIER = "com.quarantasis.Pokedex-Viper";
				PRODUCT_NAME = "$(TARGET_NAME)";
				SWIFT_EMIT_LOC_STRINGS = YES;
				SWIFT_VERSION = 5.0;
				TARGETED_DEVICE_FAMILY = "1,2";
			};
			name = Release;
		};
/* End XCBuildConfiguration section */

/* Begin XCConfigurationList section */
		34D7DBC72964A56900C0533C /* Build configuration list for PBXProject "Pokedex_Viper" */ = {
			isa = XCConfigurationList;
			buildConfigurations = (
				34D7DBDE2964A56D00C0533C /* Debug */,
				34D7DBDF2964A56D00C0533C /* Release */,
			);
			defaultConfigurationIsVisible = 0;
			defaultConfigurationName = Release;
		};
		34D7DBE02964A56D00C0533C /* Build configuration list for PBXNativeTarget "Pokedex_Viper" */ = {
			isa = XCConfigurationList;
			buildConfigurations = (
				34D7DBE12964A56D00C0533C /* Debug */,
				34D7DBE22964A56D00C0533C /* Release */,
			);
			defaultConfigurationIsVisible = 0;
			defaultConfigurationName = Release;
		};
/* End XCConfigurationList section */
	};
	rootObject = 34D7DBC42964A56900C0533C /* Project object */;
}
